
Microsoft Visual Studio Solution File, Format Version 12.00
# Visual Studio 15
VisualStudioVersion = 15.0.28010.2050
MinimumVisualStudioVersion = 10.0.40219.1
Project("{FAE04EC0-301F-11D3-BF4B-00C04F79EFBC}") = "Food Menu", "Food Menu\Food Menu.csproj", "{1445817C-DBB7-4141-B503-0FC20525111D}"
EndProject
Global
	GlobalSection(SolutionConfigurationPlatforms) = preSolution
		Debug|Any CPU = Debug|Any CPU
		Release|Any CPU = Release|Any CPU
	EndGlobalSection
	GlobalSection(ProjectConfigurationPlatforms) = postSolution
		{1445817C-DBB7-4141-B503-0FC20525111D}.Debug|Any CPU.ActiveCfg = Debug|Any CPU
		{1445817C-DBB7-4141-B503-0FC20525111D}.Debug|Any CPU.Build.0 = Debug|Any CPU
		{1445817C-DBB7-4141-B503-0FC20525111D}.Release|Any CPU.ActiveCfg = Release|Any CPU
		{1445817C-DBB7-4141-B503-0FC20525111D}.Release|Any CPU.Build.0 = Release|Any CPU
	EndGlobalSection
	GlobalSection(SolutionProperties) = preSolution
		HideSolutionNode = FALSE
	EndGlobalSection
	GlobalSection(ExtensibilityGlobals) = postSolution
		SolutionGuid = {A9201945-2E12-433F-9C70-37676A39EBD4}
	EndGlobalSection
EndGlobal
